
Microsoft Visual Studio Solution File, Format Version 12.00
# Visual Studio Version 16
VisualStudioVersion = 16.0.31410.357
MinimumVisualStudioVersion = 10.0.40219.1
Project("{8BC9CEB8-8B4A-11D0-8D11-00A0C91BC942}") = "attempt2", "attempt2\attempt2.vcxproj", "{1CFF1AC8-F41D-46A2-965D-628E753702B4}"
EndProject
Project("{8BC9CEB8-8B4A-11D0-8D11-00A0C91BC942}") = "attempt1", "attempt1\attempt1.vcxproj", "{797D9250-A853-48D4-9037-E1593669DF69}"
EndProject
Project("{8BC9CEB8-8B4A-11D0-8D11-00A0C91BC942}") = "attempt3-loadmodel", "attempt3\attempt3.vcxproj", "{5682E618-BDC7-4158-B3FA-9785DFF1A1A4}"
EndProject
Project("{8BC9CEB8-8B4A-11D0-8D11-00A0C91BC942}") = "attempt4-shadertest", "attempt4\attempt4.vcxproj", "{6150EFB3-8D1C-447C-BC7F-49F16C5BA626}"
EndProject
Project("{8BC9CEB8-8B4A-11D0-8D11-00A0C91BC942}") = "attempt5-raytracing", "attempt5\attempt5.vcxproj", "{DD24C195-EC8D-409B-B386-568BEAC13F83}"
EndProject
Global
	GlobalSection(SolutionConfigurationPlatforms) = preSolution
		Debug|x64 = Debug|x64
		Debug|x86 = Debug|x86
		Release|x64 = Release|x64
		Release|x86 = Release|x86
	EndGlobalSection
	GlobalSection(ProjectConfigurationPlatforms) = postSolution
		{1CFF1AC8-F41D-46A2-965D-628E753702B4}.Debug|x64.ActiveCfg = Debug|x64
		{1CFF1AC8-F41D-46A2-965D-628E753702B4}.Debug|x64.Build.0 = Debug|x64
		{1CFF1AC8-F41D-46A2-965D-628E753702B4}.Debug|x86.ActiveCfg = Debug|Win32
		{1CFF1AC8-F41D-46A2-965D-628E753702B4}.Debug|x86.Build.0 = Debug|Win32
		{1CFF1AC8-F41D-46A2-965D-628E753702B4}.Release|x64.ActiveCfg = Release|x64
		{1CFF1AC8-F41D-46A2-965D-628E753702B4}.Release|x64.Build.0 = Release|x64
		{1CFF1AC8-F41D-46A2-965D-628E753702B4}.Release|x86.ActiveCfg = Release|Win32
		{1CFF1AC8-F41D-46A2-965D-628E753702B4}.Release|x86.Build.0 = Release|Win32
		{797D9250-A853-48D4-9037-E1593669DF69}.Debug|x64.ActiveCfg = Debug|x64
		{797D9250-A853-48D4-9037-E1593669DF69}.Debug|x64.Build.0 = Debug|x64
		{797D9250-A853-48D4-9037-E1593669DF69}.Debug|x86.ActiveCfg = Debug|Win32
		{797D9250-A853-48D4-9037-E1593669DF69}.Debug|x86.Build.0 = Debug|Win32
		{797D9250-A853-48D4-9037-E1593669DF69}.Release|x64.ActiveCfg = Release|x64
		{797D9250-A853-48D4-9037-E1593669DF69}.Release|x64.Build.0 = Release|x64
		{797D9250-A853-48D4-9037-E1593669DF69}.Release|x86.ActiveCfg = Release|Win32
		{797D9250-A853-48D4-9037-E1593669DF69}.Release|x86.Build.0 = Release|Win32
		{5682E618-BDC7-4158-B3FA-9785DFF1A1A4}.Debug|x64.ActiveCfg = Debug|x64
		{5682E618-BDC7-4158-B3FA-9785DFF1A1A4}.Debug|x64.Build.0 = Debug|x64
		{5682E618-BDC7-4158-B3FA-9785DFF1A1A4}.Debug|x86.ActiveCfg = Debug|Win32
		{5682E618-BDC7-4158-B3FA-9785DFF1A1A4}.Debug|x86.Build.0 = Debug|Win32
		{5682E618-BDC7-4158-B3FA-9785DFF1A1A4}.Release|x64.ActiveCfg = Release|x64
		{5682E618-BDC7-4158-B3FA-9785DFF1A1A4}.Release|x64.Build.0 = Release|x64
		{5682E618-BDC7-4158-B3FA-9785DFF1A1A4}.Release|x86.ActiveCfg = Release|Win32
		{5682E618-BDC7-4158-B3FA-9785DFF1A1A4}.Release|x86.Build.0 = Release|Win32
		{6150EFB3-8D1C-447C-BC7F-49F16C5BA626}.Debug|x64.ActiveCfg = Debug|x64
		{6150EFB3-8D1C-447C-BC7F-49F16C5BA626}.Debug|x64.Build.0 = Debug|x64
		{6150EFB3-8D1C-447C-BC7F-49F16C5BA626}.Debug|x86.ActiveCfg = Debug|Win32
		{6150EFB3-8D1C-447C-BC7F-49F16C5BA626}.Debug|x86.Build.0 = Debug|Win32
		{6150EFB3-8D1C-447C-BC7F-49F16C5BA626}.Release|x64.ActiveCfg = Release|x64
		{6150EFB3-8D1C-447C-BC7F-49F16C5BA626}.Release|x64.Build.0 = Release|x64
		{6150EFB3-8D1C-447C-BC7F-49F16C5BA626}.Release|x86.ActiveCfg = Release|Win32
		{6150EFB3-8D1C-447C-BC7F-49F16C5BA626}.Release|x86.Build.0 = Release|Win32
		{DD24C195-EC8D-409B-B386-568BEAC13F83}.Debug|x64.ActiveCfg = Debug|x64
		{DD24C195-EC8D-409B-B386-568BEAC13F83}.Debug|x64.Build.0 = Debug|x64
		{DD24C195-EC8D-409B-B386-568BEAC13F83}.Debug|x86.ActiveCfg = Debug|Win32
		{DD24C195-EC8D-409B-B386-568BEAC13F83}.Debug|x86.Build.0 = Debug|Win32
		{DD24C195-EC8D-409B-B386-568BEAC13F83}.Release|x64.ActiveCfg = Release|x64
		{DD24C195-EC8D-409B-B386-568BEAC13F83}.Release|x64.Build.0 = Release|x64
		{DD24C195-EC8D-409B-B386-568BEAC13F83}.Release|x86.ActiveCfg = Release|Win32
		{DD24C195-EC8D-409B-B386-568BEAC13F83}.Release|x86.Build.0 = Release|Win32
	EndGlobalSection
	GlobalSection(SolutionProperties) = preSolution
		HideSolutionNode = FALSE
	EndGlobalSection
	GlobalSection(ExtensibilityGlobals) = postSolution
		SolutionGuid = {74B58A07-0F38-4308-BD26-BD7E423BD92D}
	EndGlobalSection
EndGlobal
